
Microsoft Visual Studio Solution File, Format Version 12.00
# Visual Studio Version 16
VisualStudioVersion = 16.0.31829.152
MinimumVisualStudioVersion = 10.0.40219.1
Project("{8BC9CEB8-8B4A-11D0-8D11-00A0C91BC942}") = "Lab_13.2.1", "Lab_13.2.1.vcxproj", "{9AE24AB3-AC9E-46D6-BBA1-375A1C16EB85}"
EndProject
Project("{8BC9CEB8-8B4A-11D0-8D11-00A0C91BC942}") = "UnitTest2.1", "..\UnitTest2.1\UnitTest2.1.vcxproj", "{FC852A49-C2F0-4F39-98A5-AC6477A60D80}"
EndProject
Global
	GlobalSection(SolutionConfigurationPlatforms) = preSolution
		Debug|x64 = Debug|x64
		Debug|x86 = Debug|x86
		Release|x64 = Release|x64
		Release|x86 = Release|x86
	EndGlobalSection
	GlobalSection(ProjectConfigurationPlatforms) = postSolution
		{9AE24AB3-AC9E-46D6-BBA1-375A1C16EB85}.Debug|x64.ActiveCfg = Debug|x64
		{9AE24AB3-AC9E-46D6-BBA1-375A1C16EB85}.Debug|x64.Build.0 = Debug|x64
		{9AE24AB3-AC9E-46D6-BBA1-375A1C16EB85}.Debug|x86.ActiveCfg = Debug|Win32
		{9AE24AB3-AC9E-46D6-BBA1-375A1C16EB85}.Debug|x86.Build.0 = Debug|Win32
		{9AE24AB3-AC9E-46D6-BBA1-375A1C16EB85}.Release|x64.ActiveCfg = Release|x64
		{9AE24AB3-AC9E-46D6-BBA1-375A1C16EB85}.Release|x64.Build.0 = Release|x64
		{9AE24AB3-AC9E-46D6-BBA1-375A1C16EB85}.Release|x86.ActiveCfg = Release|Win32
		{9AE24AB3-AC9E-46D6-BBA1-375A1C16EB85}.Release|x86.Build.0 = Release|Win32
		{FC852A49-C2F0-4F39-98A5-AC6477A60D80}.Debug|x64.ActiveCfg = Debug|x64
		{FC852A49-C2F0-4F39-98A5-AC6477A60D80}.Debug|x64.Build.0 = Debug|x64
		{FC852A49-C2F0-4F39-98A5-AC6477A60D80}.Debug|x86.ActiveCfg = Debug|Win32
		{FC852A49-C2F0-4F39-98A5-AC6477A60D80}.Debug|x86.Build.0 = Debug|Win32
		{FC852A49-C2F0-4F39-98A5-AC6477A60D80}.Release|x64.ActiveCfg = Release|x64
		{FC852A49-C2F0-4F39-98A5-AC6477A60D80}.Release|x64.Build.0 = Release|x64
		{FC852A49-C2F0-4F39-98A5-AC6477A60D80}.Release|x86.ActiveCfg = Release|Win32
		{FC852A49-C2F0-4F39-98A5-AC6477A60D80}.Release|x86.Build.0 = Release|Win32
	EndGlobalSection
	GlobalSection(SolutionProperties) = preSolution
		HideSolutionNode = FALSE
	EndGlobalSection
	GlobalSection(ExtensibilityGlobals) = postSolution
		SolutionGuid = {6627CE3D-FEE3-423E-AFFC-497FE50CA442}
	EndGlobalSection
EndGlobal
